
Microsoft Visual Studio Solution File, Format Version 9.00
# Visual Studio 2005
Project("{8BC9CEB8-8B4A-11D0-8D11-00A0C91BC942}") = "p2pse0", "p2pse0.vcproj", "{4E35338D-0263-4572-8B94-EF11DE763CF9}"
	ProjectSection(ProjectDependencies) = postProject
		{3C02250C-AA8C-494A-9DEA-0216A8DEE1E0} = {3C02250C-AA8C-494A-9DEA-0216A8DEE1E0}
	EndProjectSection
EndProject
Project("{8BC9CEB8-8B4A-11D0-8D11-00A0C91BC942}") = "zig2_msvc8", "..\..\..\Mestrado\Projetos\zig2\ziglib\zig2.vcproj", "{3C02250C-AA8C-494A-9DEA-0216A8DEE1E0}"
EndProject
Project("{8BC9CEB8-8B4A-11D0-8D11-00A0C91BC942}") = "test", "..\test\test.vcproj", "{5814B0B3-CAFD-4CD6-8BA6-5E172297D1B7}"
	ProjectSection(ProjectDependencies) = postProject
		{4E35338D-0263-4572-8B94-EF11DE763CF9} = {4E35338D-0263-4572-8B94-EF11DE763CF9}
	EndProjectSection
EndProject
Global
	GlobalSection(SolutionConfigurationPlatforms) = preSolution
		Debug|Win32 = Debug|Win32
		Release|Win32 = Release|Win32
	EndGlobalSection
	GlobalSection(ProjectConfigurationPlatforms) = postSolution
		{4E35338D-0263-4572-8B94-EF11DE763CF9}.Debug|Win32.ActiveCfg = Debug|Win32
		{4E35338D-0263-4572-8B94-EF11DE763CF9}.Debug|Win32.Build.0 = Debug|Win32
		{4E35338D-0263-4572-8B94-EF11DE763CF9}.Release|Win32.ActiveCfg = Release|Win32
		{4E35338D-0263-4572-8B94-EF11DE763CF9}.Release|Win32.Build.0 = Release|Win32
		{3C02250C-AA8C-494A-9DEA-0216A8DEE1E0}.Debug|Win32.ActiveCfg = Debug|Win32
		{3C02250C-AA8C-494A-9DEA-0216A8DEE1E0}.Debug|Win32.Build.0 = Debug|Win32
		{3C02250C-AA8C-494A-9DEA-0216A8DEE1E0}.Release|Win32.ActiveCfg = Release|Win32
		{3C02250C-AA8C-494A-9DEA-0216A8DEE1E0}.Release|Win32.Build.0 = Release|Win32
		{5814B0B3-CAFD-4CD6-8BA6-5E172297D1B7}.Debug|Win32.ActiveCfg = Debug|Win32
		{5814B0B3-CAFD-4CD6-8BA6-5E172297D1B7}.Debug|Win32.Build.0 = Debug|Win32
		{5814B0B3-CAFD-4CD6-8BA6-5E172297D1B7}.Release|Win32.ActiveCfg = Release|Win32
		{5814B0B3-CAFD-4CD6-8BA6-5E172297D1B7}.Release|Win32.Build.0 = Release|Win32
	EndGlobalSection
	GlobalSection(SolutionProperties) = preSolution
		HideSolutionNode = FALSE
	EndGlobalSection
EndGlobal
