
Microsoft Visual Studio Solution File, Format Version 9.00
# Visual Studio 2005
Project("{8BC9CEB8-8B4A-11D0-8D11-00A0C91BC942}") = "minigame_msvc8", "minigame_msvc8.vcproj", "{3F15BB58-1C45-4638-B934-A2A7CF34F721}"
	ProjectSection(ProjectDependencies) = postProject
		{2037D662-C570-4F7A-B570-E6C879D62068} = {2037D662-C570-4F7A-B570-E6C879D62068}
	EndProjectSection
EndProject
Project("{8BC9CEB8-8B4A-11D0-8D11-00A0C91BC942}") = "zig2_msvc8", "..\ziglib\zig2_msvc8.vcproj", "{2037D662-C570-4F7A-B570-E6C879D62068}"
EndProject
Global
	GlobalSection(SolutionConfigurationPlatforms) = preSolution
		Debug|Win32 = Debug|Win32
		Release|Win32 = Release|Win32
	EndGlobalSection
	GlobalSection(ProjectConfigurationPlatforms) = postSolution
		{3F15BB58-1C45-4638-B934-A2A7CF34F721}.Debug|Win32.ActiveCfg = Debug|Win32
		{3F15BB58-1C45-4638-B934-A2A7CF34F721}.Debug|Win32.Build.0 = Debug|Win32
		{3F15BB58-1C45-4638-B934-A2A7CF34F721}.Release|Win32.ActiveCfg = Release|Win32
		{3F15BB58-1C45-4638-B934-A2A7CF34F721}.Release|Win32.Build.0 = Release|Win32
		{2037D662-C570-4F7A-B570-E6C879D62068}.Debug|Win32.ActiveCfg = Debug|Win32
		{2037D662-C570-4F7A-B570-E6C879D62068}.Debug|Win32.Build.0 = Debug|Win32
		{2037D662-C570-4F7A-B570-E6C879D62068}.Release|Win32.ActiveCfg = Release|Win32
		{2037D662-C570-4F7A-B570-E6C879D62068}.Release|Win32.Build.0 = Release|Win32
	EndGlobalSection
	GlobalSection(SolutionProperties) = preSolution
		HideSolutionNode = FALSE
	EndGlobalSection
EndGlobal
